// !$*UTF8*$!
{
	archiveVersion = 1;
	classes = {
	};
	objectVersion = 50;
	objects = {

/* Begin PBXBuildFile section */
		68200F8D558620CB41287D97 /* libPods-GoodWine.a in Frameworks */ = {isa = PBXBuildFile; fileRef = 8D46740FEC822C0FD6505E6C /* libPods-GoodWine.a */; };
		D63865EB229C1EC20020DE4B /* AppDelegate.m in Sources */ = {isa = PBXBuildFile; fileRef = D63865EA229C1EC20020DE4B /* AppDelegate.m */; };
		D63865EE229C1EC20020DE4B /* ViewController.m in Sources */ = {isa = PBXBuildFile; fileRef = D63865ED229C1EC20020DE4B /* ViewController.m */; };
		D63865F1229C1EC20020DE4B /* Main.storyboard in Resources */ = {isa = PBXBuildFile; fileRef = D63865EF229C1EC20020DE4B /* Main.storyboard */; };
		D63865F3229C1EC40020DE4B /* Assets.xcassets in Resources */ = {isa = PBXBuildFile; fileRef = D63865F2229C1EC40020DE4B /* Assets.xcassets */; };
		D63865F6229C1EC40020DE4B /* LaunchScreen.storyboard in Resources */ = {isa = PBXBuildFile; fileRef = D63865F4229C1EC40020DE4B /* LaunchScreen.storyboard */; };
		D63865F9229C1EC40020DE4B /* main.m in Sources */ = {isa = PBXBuildFile; fileRef = D63865F8229C1EC40020DE4B /* main.m */; };
		D6386603229C1EC40020DE4B /* GoodWineTests.m in Sources */ = {isa = PBXBuildFile; fileRef = D6386602229C1EC40020DE4B /* GoodWineTests.m */; };
		D638660E229C1EC40020DE4B /* GoodWineUITests.m in Sources */ = {isa = PBXBuildFile; fileRef = D638660D229C1EC40020DE4B /* GoodWineUITests.m */; };
		D6386631229C34CE0020DE4B /* AppDelegate+RootViewcontroller.m in Sources */ = {isa = PBXBuildFile; fileRef = D6386630229C34CE0020DE4B /* AppDelegate+RootViewcontroller.m */; };
		D6386638229C36090020DE4B /* GMTabBarController.m in Sources */ = {isa = PBXBuildFile; fileRef = D6386637229C36080020DE4B /* GMTabBarController.m */; };
		D638663F229C399E0020DE4B /* GMNavigationController.m in Sources */ = {isa = PBXBuildFile; fileRef = D638663E229C399E0020DE4B /* GMNavigationController.m */; };
		D6386643229C3A210020DE4B /* GMBaseViewController.m in Sources */ = {isa = PBXBuildFile; fileRef = D6386642229C3A210020DE4B /* GMBaseViewController.m */; };
		D6386646229C3A500020DE4B /* GMLoginViewController.m in Sources */ = {isa = PBXBuildFile; fileRef = D6386645229C3A500020DE4B /* GMLoginViewController.m */; };
		D6386650229D76520020DE4B /* GMHomePageViewController.m in Sources */ = {isa = PBXBuildFile; fileRef = D638664F229D76520020DE4B /* GMHomePageViewController.m */; };
		D6386653229D76600020DE4B /* GMShoppCartViewController.m in Sources */ = {isa = PBXBuildFile; fileRef = D6386652229D76600020DE4B /* GMShoppCartViewController.m */; };
		D6386656229D766F0020DE4B /* GMOrderViewController.m in Sources */ = {isa = PBXBuildFile; fileRef = D6386655229D766F0020DE4B /* GMOrderViewController.m */; };
		D6386659229D767B0020DE4B /* GMUserCenterViewController.m in Sources */ = {isa = PBXBuildFile; fileRef = D6386658229D767B0020DE4B /* GMUserCenterViewController.m */; };
		D638665C229D7A270020DE4B /* TabbarItem.xcassets in Resources */ = {isa = PBXBuildFile; fileRef = D638665B229D7A270020DE4B /* TabbarItem.xcassets */; };
		D6386664229D7DB90020DE4B /* GMHomePageTableView.m in Sources */ = {isa = PBXBuildFile; fileRef = D6386663229D7DB90020DE4B /* GMHomePageTableView.m */; };
		D638666C229D90E50020DE4B /* GMKeyValueInfoCell.m in Sources */ = {isa = PBXBuildFile; fileRef = D638666B229D90E50020DE4B /* GMKeyValueInfoCell.m */; };
		D6386673229ED8D10020DE4B /* GMUserCenterTableView.m in Sources */ = {isa = PBXBuildFile; fileRef = D6386672229ED8D10020DE4B /* GMUserCenterTableView.m */; };
		D6386677229ED8F40020DE4B /* GMUserInfoCell.m in Sources */ = {isa = PBXBuildFile; fileRef = D6386676229ED8F40020DE4B /* GMUserInfoCell.m */; };
		D638667A229EE1B50020DE4B /* GMMyOrderCell.m in Sources */ = {isa = PBXBuildFile; fileRef = D6386679229EE1B50020DE4B /* GMMyOrderCell.m */; };
		D638667E229EE3510020DE4B /* GMITButton.m in Sources */ = {isa = PBXBuildFile; fileRef = D638667D229EE3510020DE4B /* GMITButton.m */; };
		D6386684229EE7E00020DE4B /* UIView+Addtion.m in Sources */ = {isa = PBXBuildFile; fileRef = D6386683229EE7E00020DE4B /* UIView+Addtion.m */; };
		D638668822A572460020DE4B /* GMServerClient.m in Sources */ = {isa = PBXBuildFile; fileRef = D638668722A572460020DE4B /* GMServerClient.m */; };
		D638668B22A572730020DE4B /* GMServerAPIManager.m in Sources */ = {isa = PBXBuildFile; fileRef = D638668A22A572730020DE4B /* GMServerAPIManager.m */; };
		D638669122A5746C0020DE4B /* GMNetworkError.m in Sources */ = {isa = PBXBuildFile; fileRef = D638669022A5746C0020DE4B /* GMNetworkError.m */; };
		D638669722A57F3C0020DE4B /* GMLoginView.m in Sources */ = {isa = PBXBuildFile; fileRef = D638669622A57F3C0020DE4B /* GMLoginView.m */; };
		D638669B22A6B0DC0020DE4B /* GMViewControllerManager.m in Sources */ = {isa = PBXBuildFile; fileRef = D638669A22A6B0DC0020DE4B /* GMViewControllerManager.m */; };
		D638669E22A6BCF40020DE4B /* GMMenuTableViewCell.m in Sources */ = {isa = PBXBuildFile; fileRef = D638669D22A6BCF40020DE4B /* GMMenuTableViewCell.m */; };
		D63866A122A6C76D0020DE4B /* GMWineListTableViewCell.m in Sources */ = {isa = PBXBuildFile; fileRef = D63866A022A6C76D0020DE4B /* GMWineListTableViewCell.m */; };
/* End PBXBuildFile section */

/* Begin PBXContainerItemProxy section */
		D63865FF229C1EC40020DE4B /* PBXContainerItemProxy */ = {
			isa = PBXContainerItemProxy;
			containerPortal = D63865DE229C1EC20020DE4B /* Project object */;
			proxyType = 1;
			remoteGlobalIDString = D63865E5229C1EC20020DE4B;
			remoteInfo = GoodWine;
		};
		D638660A229C1EC40020DE4B /* PBXContainerItemProxy */ = {
			isa = PBXContainerItemProxy;
			containerPortal = D63865DE229C1EC20020DE4B /* Project object */;
			proxyType = 1;
			remoteGlobalIDString = D63865E5229C1EC20020DE4B;
			remoteInfo = GoodWine;
		};
/* End PBXContainerItemProxy section */

/* Begin PBXFileReference section */
		3654DA2FCCC0710E2022EF96 /* Pods-GoodWine.debug.xcconfig */ = {isa = PBXFileReference; includeInIndex = 1; lastKnownFileType = text.xcconfig; name = "Pods-GoodWine.debug.xcconfig"; path = "../Pods/Target Support Files/Pods-GoodWine/Pods-GoodWine.debug.xcconfig"; sourceTree = "<group>"; };
		7EA57E12E89DBAE6120E2D79 /* Pods-GoodWine.release.xcconfig */ = {isa = PBXFileReference; includeInIndex = 1; lastKnownFileType = text.xcconfig; name = "Pods-GoodWine.release.xcconfig"; path = "../Pods/Target Support Files/Pods-GoodWine/Pods-GoodWine.release.xcconfig"; sourceTree = "<group>"; };
		8D46740FEC822C0FD6505E6C /* libPods-GoodWine.a */ = {isa = PBXFileReference; explicitFileType = archive.ar; includeInIndex = 0; path = "libPods-GoodWine.a"; sourceTree = BUILT_PRODUCTS_DIR; };
		D63865E6229C1EC20020DE4B /* GoodWine.app */ = {isa = PBXFileReference; explicitFileType = wrapper.application; includeInIndex = 0; path = GoodWine.app; sourceTree = BUILT_PRODUCTS_DIR; };
		D63865E9229C1EC20020DE4B /* AppDelegate.h */ = {isa = PBXFileReference; lastKnownFileType = sourcecode.c.h; path = AppDelegate.h; sourceTree = "<group>"; };
		D63865EA229C1EC20020DE4B /* AppDelegate.m */ = {isa = PBXFileReference; lastKnownFileType = sourcecode.c.objc; path = AppDelegate.m; sourceTree = "<group>"; };
		D63865EC229C1EC20020DE4B /* ViewController.h */ = {isa = PBXFileReference; lastKnownFileType = sourcecode.c.h; path = ViewController.h; sourceTree = "<group>"; };
		D63865ED229C1EC20020DE4B /* ViewController.m */ = {isa = PBXFileReference; lastKnownFileType = sourcecode.c.objc; path = ViewController.m; sourceTree = "<group>"; };
		D63865F0229C1EC20020DE4B /* Base */ = {isa = PBXFileReference; lastKnownFileType = file.storyboard; name = Base; path = Base.lproj/Main.storyboard; sourceTree = "<group>"; };
		D63865F2229C1EC40020DE4B /* Assets.xcassets */ = {isa = PBXFileReference; lastKnownFileType = folder.assetcatalog; path = Assets.xcassets; sourceTree = "<group>"; };
		D63865F5229C1EC40020DE4B /* Base */ = {isa = PBXFileReference; lastKnownFileType = file.storyboard; name = Base; path = Base.lproj/LaunchScreen.storyboard; sourceTree = "<group>"; };
		D63865F7229C1EC40020DE4B /* Info.plist */ = {isa = PBXFileReference; lastKnownFileType = text.plist.xml; path = Info.plist; sourceTree = "<group>"; };
		D63865F8229C1EC40020DE4B /* main.m */ = {isa = PBXFileReference; lastKnownFileType = sourcecode.c.objc; path = main.m; sourceTree = "<group>"; };
		D63865FE229C1EC40020DE4B /* GoodWineTests.xctest */ = {isa = PBXFileReference; explicitFileType = wrapper.cfbundle; includeInIndex = 0; path = GoodWineTests.xctest; sourceTree = BUILT_PRODUCTS_DIR; };
		D6386602229C1EC40020DE4B /* GoodWineTests.m */ = {isa = PBXFileReference; lastKnownFileType = sourcecode.c.objc; path = GoodWineTests.m; sourceTree = "<group>"; };
		D6386604229C1EC40020DE4B /* Info.plist */ = {isa = PBXFileReference; lastKnownFileType = text.plist.xml; path = Info.plist; sourceTree = "<group>"; };
		D6386609229C1EC40020DE4B /* GoodWineUITests.xctest */ = {isa = PBXFileReference; explicitFileType = wrapper.cfbundle; includeInIndex = 0; path = GoodWineUITests.xctest; sourceTree = BUILT_PRODUCTS_DIR; };
		D638660D229C1EC40020DE4B /* GoodWineUITests.m */ = {isa = PBXFileReference; lastKnownFileType = sourcecode.c.objc; path = GoodWineUITests.m; sourceTree = "<group>"; };
		D638660F229C1EC40020DE4B /* Info.plist */ = {isa = PBXFileReference; lastKnownFileType = text.plist.xml; path = Info.plist; sourceTree = "<group>"; };
		D6386624229C31950020DE4B /* GoodWine-Prefix.pch */ = {isa = PBXFileReference; lastKnownFileType = sourcecode.c.h; path = "GoodWine-Prefix.pch"; sourceTree = "<group>"; };
		D638662F229C34CE0020DE4B /* AppDelegate+RootViewcontroller.h */ = {isa = PBXFileReference; lastKnownFileType = sourcecode.c.h; path = "AppDelegate+RootViewcontroller.h"; sourceTree = "<group>"; };
		D6386630229C34CE0020DE4B /* AppDelegate+RootViewcontroller.m */ = {isa = PBXFileReference; lastKnownFileType = sourcecode.c.objc; path = "AppDelegate+RootViewcontroller.m"; sourceTree = "<group>"; };
		D6386636229C36080020DE4B /* GMTabBarController.h */ = {isa = PBXFileReference; lastKnownFileType = sourcecode.c.h; path = GMTabBarController.h; sourceTree = "<group>"; };
		D6386637229C36080020DE4B /* GMTabBarController.m */ = {isa = PBXFileReference; lastKnownFileType = sourcecode.c.objc; path = GMTabBarController.m; sourceTree = "<group>"; };
		D638663A229C36C50020DE4B /* GoodWine_Constant.h */ = {isa = PBXFileReference; lastKnownFileType = sourcecode.c.h; path = GoodWine_Constant.h; sourceTree = "<group>"; };
		D638663B229C38C90020DE4B /* UI_Constant.h */ = {isa = PBXFileReference; lastKnownFileType = sourcecode.c.h; path = UI_Constant.h; sourceTree = "<group>"; };
		D638663D229C399E0020DE4B /* GMNavigationController.h */ = {isa = PBXFileReference; lastKnownFileType = sourcecode.c.h; path = GMNavigationController.h; sourceTree = "<group>"; };
		D638663E229C399E0020DE4B /* GMNavigationController.m */ = {isa = PBXFileReference; lastKnownFileType = sourcecode.c.objc; path = GMNavigationController.m; sourceTree = "<group>"; };
		D6386641229C3A210020DE4B /* GMBaseViewController.h */ = {isa = PBXFileReference; lastKnownFileType = sourcecode.c.h; path = GMBaseViewController.h; sourceTree = "<group>"; };
		D6386642229C3A210020DE4B /* GMBaseViewController.m */ = {isa = PBXFileReference; lastKnownFileType = sourcecode.c.objc; path = GMBaseViewController.m; sourceTree = "<group>"; };
		D6386644229C3A500020DE4B /* GMLoginViewController.h */ = {isa = PBXFileReference; lastKnownFileType = sourcecode.c.h; path = GMLoginViewController.h; sourceTree = "<group>"; };
		D6386645229C3A500020DE4B /* GMLoginViewController.m */ = {isa = PBXFileReference; lastKnownFileType = sourcecode.c.objc; path = GMLoginViewController.m; sourceTree = "<group>"; };
		D638664E229D76520020DE4B /* GMHomePageViewController.h */ = {isa = PBXFileReference; lastKnownFileType = sourcecode.c.h; path = GMHomePageViewController.h; sourceTree = "<group>"; };
		D638664F229D76520020DE4B /* GMHomePageViewController.m */ = {isa = PBXFileReference; lastKnownFileType = sourcecode.c.objc; path = GMHomePageViewController.m; sourceTree = "<group>"; };
		D6386651229D76600020DE4B /* GMShoppCartViewController.h */ = {isa = PBXFileReference; lastKnownFileType = sourcecode.c.h; path = GMShoppCartViewController.h; sourceTree = "<group>"; };
		D6386652229D76600020DE4B /* GMShoppCartViewController.m */ = {isa = PBXFileReference; lastKnownFileType = sourcecode.c.objc; path = GMShoppCartViewController.m; sourceTree = "<group>"; };
		D6386654229D766F0020DE4B /* GMOrderViewController.h */ = {isa = PBXFileReference; lastKnownFileType = sourcecode.c.h; path = GMOrderViewController.h; sourceTree = "<group>"; };
		D6386655229D766F0020DE4B /* GMOrderViewController.m */ = {isa = PBXFileReference; lastKnownFileType = sourcecode.c.objc; path = GMOrderViewController.m; sourceTree = "<group>"; };
		D6386657229D767B0020DE4B /* GMUserCenterViewController.h */ = {isa = PBXFileReference; lastKnownFileType = sourcecode.c.h; path = GMUserCenterViewController.h; sourceTree = "<group>"; };
		D6386658229D767B0020DE4B /* GMUserCenterViewController.m */ = {isa = PBXFileReference; lastKnownFileType = sourcecode.c.objc; path = GMUserCenterViewController.m; sourceTree = "<group>"; };
		D638665B229D7A270020DE4B /* TabbarItem.xcassets */ = {isa = PBXFileReference; lastKnownFileType = folder.assetcatalog; path = TabbarItem.xcassets; sourceTree = "<group>"; };
		D6386662229D7DB90020DE4B /* GMHomePageTableView.h */ = {isa = PBXFileReference; lastKnownFileType = sourcecode.c.h; path = GMHomePageTableView.h; sourceTree = "<group>"; };
		D6386663229D7DB90020DE4B /* GMHomePageTableView.m */ = {isa = PBXFileReference; lastKnownFileType = sourcecode.c.objc; path = GMHomePageTableView.m; sourceTree = "<group>"; };
		D6386668229D80A50020DE4B /* MacroDefine.h */ = {isa = PBXFileReference; lastKnownFileType = sourcecode.c.h; path = MacroDefine.h; sourceTree = "<group>"; };
		D638666A229D90E50020DE4B /* GMKeyValueInfoCell.h */ = {isa = PBXFileReference; lastKnownFileType = sourcecode.c.h; path = GMKeyValueInfoCell.h; sourceTree = "<group>"; };
		D638666B229D90E50020DE4B /* GMKeyValueInfoCell.m */ = {isa = PBXFileReference; lastKnownFileType = sourcecode.c.objc; path = GMKeyValueInfoCell.m; sourceTree = "<group>"; };
		D6386671229ED8D10020DE4B /* GMUserCenterTableView.h */ = {isa = PBXFileReference; lastKnownFileType = sourcecode.c.h; path = GMUserCenterTableView.h; sourceTree = "<group>"; };
		D6386672229ED8D10020DE4B /* GMUserCenterTableView.m */ = {isa = PBXFileReference; lastKnownFileType = sourcecode.c.objc; path = GMUserCenterTableView.m; sourceTree = "<group>"; };
		D6386675229ED8F40020DE4B /* GMUserInfoCell.h */ = {isa = PBXFileReference; lastKnownFileType = sourcecode.c.h; path = GMUserInfoCell.h; sourceTree = "<group>"; };
		D6386676229ED8F40020DE4B /* GMUserInfoCell.m */ = {isa = PBXFileReference; lastKnownFileType = sourcecode.c.objc; path = GMUserInfoCell.m; sourceTree = "<group>"; };
		D6386678229EE1B50020DE4B /* GMMyOrderCell.h */ = {isa = PBXFileReference; lastKnownFileType = sourcecode.c.h; path = GMMyOrderCell.h; sourceTree = "<group>"; };
		D6386679229EE1B50020DE4B /* GMMyOrderCell.m */ = {isa = PBXFileReference; lastKnownFileType = sourcecode.c.objc; path = GMMyOrderCell.m; sourceTree = "<group>"; };
		D638667C229EE3510020DE4B /* GMITButton.h */ = {isa = PBXFileReference; lastKnownFileType = sourcecode.c.h; path = GMITButton.h; sourceTree = "<group>"; };
		D638667D229EE3510020DE4B /* GMITButton.m */ = {isa = PBXFileReference; lastKnownFileType = sourcecode.c.objc; path = GMITButton.m; sourceTree = "<group>"; };
		D6386682229EE7E00020DE4B /* UIView+Addtion.h */ = {isa = PBXFileReference; lastKnownFileType = sourcecode.c.h; path = "UIView+Addtion.h"; sourceTree = "<group>"; };
		D6386683229EE7E00020DE4B /* UIView+Addtion.m */ = {isa = PBXFileReference; lastKnownFileType = sourcecode.c.objc; path = "UIView+Addtion.m"; sourceTree = "<group>"; };
		D638668522A571F00020DE4B /* GMNetConfig.h */ = {isa = PBXFileReference; lastKnownFileType = sourcecode.c.h; path = GMNetConfig.h; sourceTree = "<group>"; };
		D638668622A572460020DE4B /* GMServerClient.h */ = {isa = PBXFileReference; lastKnownFileType = sourcecode.c.h; path = GMServerClient.h; sourceTree = "<group>"; };
		D638668722A572460020DE4B /* GMServerClient.m */ = {isa = PBXFileReference; lastKnownFileType = sourcecode.c.objc; path = GMServerClient.m; sourceTree = "<group>"; };
		D638668922A572730020DE4B /* GMServerAPIManager.h */ = {isa = PBXFileReference; lastKnownFileType = sourcecode.c.h; path = GMServerAPIManager.h; sourceTree = "<group>"; };
		D638668A22A572730020DE4B /* GMServerAPIManager.m */ = {isa = PBXFileReference; lastKnownFileType = sourcecode.c.objc; path = GMServerAPIManager.m; sourceTree = "<group>"; };
		D638668F22A5746C0020DE4B /* GMNetworkError.h */ = {isa = PBXFileReference; lastKnownFileType = sourcecode.c.h; path = GMNetworkError.h; sourceTree = "<group>"; };
		D638669022A5746C0020DE4B /* GMNetworkError.m */ = {isa = PBXFileReference; lastKnownFileType = sourcecode.c.objc; path = GMNetworkError.m; sourceTree = "<group>"; };
		D638669522A57F3C0020DE4B /* GMLoginView.h */ = {isa = PBXFileReference; lastKnownFileType = sourcecode.c.h; path = GMLoginView.h; sourceTree = "<group>"; };
		D638669622A57F3C0020DE4B /* GMLoginView.m */ = {isa = PBXFileReference; lastKnownFileType = sourcecode.c.objc; path = GMLoginView.m; sourceTree = "<group>"; };
		D638669922A6B0DC0020DE4B /* GMViewControllerManager.h */ = {isa = PBXFileReference; lastKnownFileType = sourcecode.c.h; path = GMViewControllerManager.h; sourceTree = "<group>"; };
		D638669A22A6B0DC0020DE4B /* GMViewControllerManager.m */ = {isa = PBXFileReference; lastKnownFileType = sourcecode.c.objc; path = GMViewControllerManager.m; sourceTree = "<group>"; };
		D638669C22A6BCF40020DE4B /* GMMenuTableViewCell.h */ = {isa = PBXFileReference; lastKnownFileType = sourcecode.c.h; path = GMMenuTableViewCell.h; sourceTree = "<group>"; };
		D638669D22A6BCF40020DE4B /* GMMenuTableViewCell.m */ = {isa = PBXFileReference; lastKnownFileType = sourcecode.c.objc; path = GMMenuTableViewCell.m; sourceTree = "<group>"; };
		D638669F22A6C76D0020DE4B /* GMWineListTableViewCell.h */ = {isa = PBXFileReference; lastKnownFileType = sourcecode.c.h; path = GMWineListTableViewCell.h; sourceTree = "<group>"; };
		D63866A022A6C76D0020DE4B /* GMWineListTableViewCell.m */ = {isa = PBXFileReference; lastKnownFileType = sourcecode.c.objc; path = GMWineListTableViewCell.m; sourceTree = "<group>"; };
/* End PBXFileReference section */

/* Begin PBXFrameworksBuildPhase section */
		D63865E3229C1EC20020DE4B /* Frameworks */ = {
			isa = PBXFrameworksBuildPhase;
			buildActionMask = 2147483647;
			files = (
				68200F8D558620CB41287D97 /* libPods-GoodWine.a in Frameworks */,
			);
			runOnlyForDeploymentPostprocessing = 0;
		};
		D63865FB229C1EC40020DE4B /* Frameworks */ = {
			isa = PBXFrameworksBuildPhase;
			buildActionMask = 2147483647;
			files = (
			);
			runOnlyForDeploymentPostprocessing = 0;
		};
		D6386606229C1EC40020DE4B /* Frameworks */ = {
			isa = PBXFrameworksBuildPhase;
			buildActionMask = 2147483647;
			files = (
			);
			runOnlyForDeploymentPostprocessing = 0;
		};
/* End PBXFrameworksBuildPhase section */

/* Begin PBXGroup section */
		D43838BCE7B74E268D4F28FD /* Frameworks */ = {
			isa = PBXGroup;
			children = (
				8D46740FEC822C0FD6505E6C /* libPods-GoodWine.a */,
			);
			name = Frameworks;
			sourceTree = "<group>";
		};
		D63865DD229C1EC20020DE4B = {
			isa = PBXGroup;
			children = (
				D63865E8229C1EC20020DE4B /* GoodWine */,
				D6386601229C1EC40020DE4B /* GoodWineTests */,
				D638660C229C1EC40020DE4B /* GoodWineUITests */,
				D63865E7229C1EC20020DE4B /* Products */,
				D8CD415E4C4DB5A6843A45BB /* Pods */,
				D43838BCE7B74E268D4F28FD /* Frameworks */,
			);
			sourceTree = "<group>";
		};
		D63865E7229C1EC20020DE4B /* Products */ = {
			isa = PBXGroup;
			children = (
				D63865E6229C1EC20020DE4B /* GoodWine.app */,
				D63865FE229C1EC40020DE4B /* GoodWineTests.xctest */,
				D6386609229C1EC40020DE4B /* GoodWineUITests.xctest */,
			);
			name = Products;
			sourceTree = "<group>";
		};
		D63865E8229C1EC20020DE4B /* GoodWine */ = {
			isa = PBXGroup;
			children = (
				D63865E9229C1EC20020DE4B /* AppDelegate.h */,
				D63865EA229C1EC20020DE4B /* AppDelegate.m */,
				D63865EC229C1EC20020DE4B /* ViewController.h */,
				D63865ED229C1EC20020DE4B /* ViewController.m */,
				D638661E229C2FC70020DE4B /* GM */,
				D63865EF229C1EC20020DE4B /* Main.storyboard */,
				D6386624229C31950020DE4B /* GoodWine-Prefix.pch */,
				D63865F2229C1EC40020DE4B /* Assets.xcassets */,
				D63865F4229C1EC40020DE4B /* LaunchScreen.storyboard */,
				D63865F7229C1EC40020DE4B /* Info.plist */,
				D63865F8229C1EC40020DE4B /* main.m */,
			);
			path = GoodWine;
			sourceTree = "<group>";
		};
		D6386601229C1EC40020DE4B /* GoodWineTests */ = {
			isa = PBXGroup;
			children = (
				D6386602229C1EC40020DE4B /* GoodWineTests.m */,
				D6386604229C1EC40020DE4B /* Info.plist */,
			);
			path = GoodWineTests;
			sourceTree = "<group>";
		};
		D638660C229C1EC40020DE4B /* GoodWineUITests */ = {
			isa = PBXGroup;
			children = (
				D638660D229C1EC40020DE4B /* GoodWineUITests.m */,
				D638660F229C1EC40020DE4B /* Info.plist */,
			);
			path = GoodWineUITests;
			sourceTree = "<group>";
		};
		D638661E229C2FC70020DE4B /* GM */ = {
			isa = PBXGroup;
			children = (
				D638661F229C2FD20020DE4B /* Biz */,
				D638662A229C34220020DE4B /* Common */,
				D6386620229C2FDF0020DE4B /* NetWork */,
				D638662B229C343C0020DE4B /* Resource */,
			);
			path = GM;
			sourceTree = "<group>";
		};
		D638661F229C2FD20020DE4B /* Biz */ = {
			isa = PBXGroup;
			children = (
				D638664A229D755E0020DE4B /* HomePage */,
				D638664D229D75910020DE4B /* ShoppCart */,
				D638664C229D758A0020DE4B /* Order */,
				D638664B229D75670020DE4B /* UserCenter */,
				D6386625229C32CE0020DE4B /* Login */,
			);
			path = Biz;
			sourceTree = "<group>";
		};
		D6386620229C2FDF0020DE4B /* NetWork */ = {
			isa = PBXGroup;
			children = (
				D638668522A571F00020DE4B /* GMNetConfig.h */,
				D638668622A572460020DE4B /* GMServerClient.h */,
				D638668722A572460020DE4B /* GMServerClient.m */,
				D638668922A572730020DE4B /* GMServerAPIManager.h */,
				D638668A22A572730020DE4B /* GMServerAPIManager.m */,
				D638668F22A5746C0020DE4B /* GMNetworkError.h */,
				D638669022A5746C0020DE4B /* GMNetworkError.m */,
			);
			path = NetWork;
			sourceTree = "<group>";
		};
		D6386621229C2FE70020DE4B /* Category */ = {
			isa = PBXGroup;
			children = (
				D638662F229C34CE0020DE4B /* AppDelegate+RootViewcontroller.h */,
				D6386630229C34CE0020DE4B /* AppDelegate+RootViewcontroller.m */,
				D6386682229EE7E00020DE4B /* UIView+Addtion.h */,
				D6386683229EE7E00020DE4B /* UIView+Addtion.m */,
			);
			path = Category;
			sourceTree = "<group>";
		};
		D6386622229C30590020DE4B /* Custom */ = {
			isa = PBXGroup;
			children = (
				D638669822A6B0760020DE4B /* GMViewControllerManager */,
				D638667B229EE2F70020DE4B /* GMITButton */,
				D6386669229D90BA0020DE4B /* GMKeyValueInfoCell */,
				D6386640229C3A090020DE4B /* GMBaseViewController */,
				D638663C229C395F0020DE4B /* GMNavigationController */,
				D6386632229C353A0020DE4B /* GMTabBarController */,
			);
			path = Custom;
			sourceTree = "<group>";
		};
		D6386625229C32CE0020DE4B /* Login */ = {
			isa = PBXGroup;
			children = (
				D6386629229C333D0020DE4B /* View */,
				D6386644229C3A500020DE4B /* GMLoginViewController.h */,
				D6386645229C3A500020DE4B /* GMLoginViewController.m */,
			);
			path = Login;
			sourceTree = "<group>";
		};
		D6386629229C333D0020DE4B /* View */ = {
			isa = PBXGroup;
			children = (
				D638669522A57F3C0020DE4B /* GMLoginView.h */,
				D638669622A57F3C0020DE4B /* GMLoginView.m */,
			);
			path = View;
			sourceTree = "<group>";
		};
		D638662A229C34220020DE4B /* Common */ = {
			isa = PBXGroup;
			children = (
				D6386639229C36300020DE4B /* Macro */,
				D6386621229C2FE70020DE4B /* Category */,
				D6386622229C30590020DE4B /* Custom */,
			);
			path = Common;
			sourceTree = "<group>";
		};
		D638662B229C343C0020DE4B /* Resource */ = {
			isa = PBXGroup;
			children = (
				D638665A229D7A0B0020DE4B /* ImageResource */,
			);
			path = Resource;
			sourceTree = "<group>";
		};
		D6386632229C353A0020DE4B /* GMTabBarController */ = {
			isa = PBXGroup;
			children = (
				D6386636229C36080020DE4B /* GMTabBarController.h */,
				D6386637229C36080020DE4B /* GMTabBarController.m */,
			);
			path = GMTabBarController;
			sourceTree = "<group>";
		};
		D6386639229C36300020DE4B /* Macro */ = {
			isa = PBXGroup;
			children = (
				D638663A229C36C50020DE4B /* GoodWine_Constant.h */,
				D638663B229C38C90020DE4B /* UI_Constant.h */,
				D6386668229D80A50020DE4B /* MacroDefine.h */,
			);
			path = Macro;
			sourceTree = "<group>";
		};
		D638663C229C395F0020DE4B /* GMNavigationController */ = {
			isa = PBXGroup;
			children = (
				D638663D229C399E0020DE4B /* GMNavigationController.h */,
				D638663E229C399E0020DE4B /* GMNavigationController.m */,
			);
			path = GMNavigationController;
			sourceTree = "<group>";
		};
		D6386640229C3A090020DE4B /* GMBaseViewController */ = {
			isa = PBXGroup;
			children = (
				D6386641229C3A210020DE4B /* GMBaseViewController.h */,
				D6386642229C3A210020DE4B /* GMBaseViewController.m */,
			);
			path = GMBaseViewController;
			sourceTree = "<group>";
		};
		D638664A229D755E0020DE4B /* HomePage */ = {
			isa = PBXGroup;
			children = (
				D638665E229D7C3D0020DE4B /* Cell */,
				D638665D229D7C350020DE4B /* View */,
				D638664E229D76520020DE4B /* GMHomePageViewController.h */,
				D638664F229D76520020DE4B /* GMHomePageViewController.m */,
			);
			path = HomePage;
			sourceTree = "<group>";
		};
		D638664B229D75670020DE4B /* UserCenter */ = {
			isa = PBXGroup;
			children = (
				D6386674229ED8DA0020DE4B /* Cell */,
				D6386670229ED8A30020DE4B /* View */,
				D6386657229D767B0020DE4B /* GMUserCenterViewController.h */,
				D6386658229D767B0020DE4B /* GMUserCenterViewController.m */,
			);
			path = UserCenter;
			sourceTree = "<group>";
		};
		D638664C229D758A0020DE4B /* Order */ = {
			isa = PBXGroup;
			children = (
				D6386654229D766F0020DE4B /* GMOrderViewController.h */,
				D6386655229D766F0020DE4B /* GMOrderViewController.m */,
			);
			path = Order;
			sourceTree = "<group>";
		};
		D638664D229D75910020DE4B /* ShoppCart */ = {
			isa = PBXGroup;
			children = (
				D6386651229D76600020DE4B /* GMShoppCartViewController.h */,
				D6386652229D76600020DE4B /* GMShoppCartViewController.m */,
			);
			path = ShoppCart;
			sourceTree = "<group>";
		};
		D638665A229D7A0B0020DE4B /* ImageResource */ = {
			isa = PBXGroup;
			children = (
				D638665B229D7A270020DE4B /* TabbarItem.xcassets */,
			);
			path = ImageResource;
			sourceTree = "<group>";
		};
		D638665D229D7C350020DE4B /* View */ = {
			isa = PBXGroup;
			children = (
				D6386662229D7DB90020DE4B /* GMHomePageTableView.h */,
				D6386663229D7DB90020DE4B /* GMHomePageTableView.m */,
			);
			path = View;
			sourceTree = "<group>";
		};
		D638665E229D7C3D0020DE4B /* Cell */ = {
			isa = PBXGroup;
			children = (
				D638669C22A6BCF40020DE4B /* GMMenuTableViewCell.h */,
				D638669D22A6BCF40020DE4B /* GMMenuTableViewCell.m */,
				D638669F22A6C76D0020DE4B /* GMWineListTableViewCell.h */,
				D63866A022A6C76D0020DE4B /* GMWineListTableViewCell.m */,
			);
			path = Cell;
			sourceTree = "<group>";
		};
		D6386669229D90BA0020DE4B /* GMKeyValueInfoCell */ = {
			isa = PBXGroup;
			children = (
				D638666A229D90E50020DE4B /* GMKeyValueInfoCell.h */,
				D638666B229D90E50020DE4B /* GMKeyValueInfoCell.m */,
			);
			path = GMKeyValueInfoCell;
			sourceTree = "<group>";
		};
		D6386670229ED8A30020DE4B /* View */ = {
			isa = PBXGroup;
			children = (
				D6386671229ED8D10020DE4B /* GMUserCenterTableView.h */,
				D6386672229ED8D10020DE4B /* GMUserCenterTableView.m */,
			);
			path = View;
			sourceTree = "<group>";
		};
		D6386674229ED8DA0020DE4B /* Cell */ = {
			isa = PBXGroup;
			children = (
				D6386675229ED8F40020DE4B /* GMUserInfoCell.h */,
				D6386676229ED8F40020DE4B /* GMUserInfoCell.m */,
				D6386678229EE1B50020DE4B /* GMMyOrderCell.h */,
				D6386679229EE1B50020DE4B /* GMMyOrderCell.m */,
			);
			path = Cell;
			sourceTree = "<group>";
		};
		D638667B229EE2F70020DE4B /* GMITButton */ = {
			isa = PBXGroup;
			children = (
				D638667C229EE3510020DE4B /* GMITButton.h */,
				D638667D229EE3510020DE4B /* GMITButton.m */,
			);
			path = GMITButton;
			sourceTree = "<group>";
		};
		D638669822A6B0760020DE4B /* GMViewControllerManager */ = {
			isa = PBXGroup;
			children = (
				D638669922A6B0DC0020DE4B /* GMViewControllerManager.h */,
				D638669A22A6B0DC0020DE4B /* GMViewControllerManager.m */,
			);
			path = GMViewControllerManager;
			sourceTree = "<group>";
		};
		D8CD415E4C4DB5A6843A45BB /* Pods */ = {
			isa = PBXGroup;
			children = (
				3654DA2FCCC0710E2022EF96 /* Pods-GoodWine.debug.xcconfig */,
				7EA57E12E89DBAE6120E2D79 /* Pods-GoodWine.release.xcconfig */,
			);
			name = Pods;
			sourceTree = "<group>";
		};
/* End PBXGroup section */

/* Begin PBXNativeTarget section */
		D63865E5229C1EC20020DE4B /* GoodWine */ = {
			isa = PBXNativeTarget;
			buildConfigurationList = D6386612229C1EC40020DE4B /* Build configuration list for PBXNativeTarget "GoodWine" */;
			buildPhases = (
				BC02F83026E5CD10FAB2ABB3 /* [CP] Check Pods Manifest.lock */,
				D63865E2229C1EC20020DE4B /* Sources */,
				D63865E3229C1EC20020DE4B /* Frameworks */,
				D63865E4229C1EC20020DE4B /* Resources */,
				DD4245F2841EED8598F0779E /* [CP] Copy Pods Resources */,
			);
			buildRules = (
			);
			dependencies = (
			);
			name = GoodWine;
			productName = GoodWine;
			productReference = D63865E6229C1EC20020DE4B /* GoodWine.app */;
			productType = "com.apple.product-type.application";
		};
		D63865FD229C1EC40020DE4B /* GoodWineTests */ = {
			isa = PBXNativeTarget;
			buildConfigurationList = D6386615229C1EC40020DE4B /* Build configuration list for PBXNativeTarget "GoodWineTests" */;
			buildPhases = (
				D63865FA229C1EC40020DE4B /* Sources */,
				D63865FB229C1EC40020DE4B /* Frameworks */,
				D63865FC229C1EC40020DE4B /* Resources */,
			);
			buildRules = (
			);
			dependencies = (
				D6386600229C1EC40020DE4B /* PBXTargetDependency */,
			);
			name = GoodWineTests;
			productName = GoodWineTests;
			productReference = D63865FE229C1EC40020DE4B /* GoodWineTests.xctest */;
			productType = "com.apple.product-type.bundle.unit-test";
		};
		D6386608229C1EC40020DE4B /* GoodWineUITests */ = {
			isa = PBXNativeTarget;
			buildConfigurationList = D6386618229C1EC40020DE4B /* Build configuration list for PBXNativeTarget "GoodWineUITests" */;
			buildPhases = (
				D6386605229C1EC40020DE4B /* Sources */,
				D6386606229C1EC40020DE4B /* Frameworks */,
				D6386607229C1EC40020DE4B /* Resources */,
			);
			buildRules = (
			);
			dependencies = (
				D638660B229C1EC40020DE4B /* PBXTargetDependency */,
			);
			name = GoodWineUITests;
			productName = GoodWineUITests;
			productReference = D6386609229C1EC40020DE4B /* GoodWineUITests.xctest */;
			productType = "com.apple.product-type.bundle.ui-testing";
		};
/* End PBXNativeTarget section */

/* Begin PBXProject section */
		D63865DE229C1EC20020DE4B /* Project object */ = {
			isa = PBXProject;
			attributes = {
				CLASSPREFIX = GM;
				LastUpgradeCheck = 1000;
				ORGANIZATIONNAME = LMK;
				TargetAttributes = {
					D63865E5229C1EC20020DE4B = {
						CreatedOnToolsVersion = 10.0;
					};
					D63865FD229C1EC40020DE4B = {
						CreatedOnToolsVersion = 10.0;
						TestTargetID = D63865E5229C1EC20020DE4B;
					};
					D6386608229C1EC40020DE4B = {
						CreatedOnToolsVersion = 10.0;
						TestTargetID = D63865E5229C1EC20020DE4B;
					};
				};
			};
			buildConfigurationList = D63865E1229C1EC20020DE4B /* Build configuration list for PBXProject "GoodWine" */;
			compatibilityVersion = "Xcode 9.3";
			developmentRegion = en;
			hasScannedForEncodings = 0;
			knownRegions = (
				en,
				Base,
			);
			mainGroup = D63865DD229C1EC20020DE4B;
			productRefGroup = D63865E7229C1EC20020DE4B /* Products */;
			projectDirPath = "";
			projectRoot = "";
			targets = (
				D63865E5229C1EC20020DE4B /* GoodWine */,
				D63865FD229C1EC40020DE4B /* GoodWineTests */,
				D6386608229C1EC40020DE4B /* GoodWineUITests */,
			);
		};
/* End PBXProject section */

/* Begin PBXResourcesBuildPhase section */
		D63865E4229C1EC20020DE4B /* Resources */ = {
			isa = PBXResourcesBuildPhase;
			buildActionMask = 2147483647;
			files = (
				D63865F6229C1EC40020DE4B /* LaunchScreen.storyboard in Resources */,
				D63865F3229C1EC40020DE4B /* Assets.xcassets in Resources */,
				D638665C229D7A270020DE4B /* TabbarItem.xcassets in Resources */,
				D63865F1229C1EC20020DE4B /* Main.storyboard in Resources */,
			);
			runOnlyForDeploymentPostprocessing = 0;
		};
		D63865FC229C1EC40020DE4B /* Resources */ = {
			isa = PBXResourcesBuildPhase;
			buildActionMask = 2147483647;
			files = (
			);
			runOnlyForDeploymentPostprocessing = 0;
		};
		D6386607229C1EC40020DE4B /* Resources */ = {
			isa = PBXResourcesBuildPhase;
			buildActionMask = 2147483647;
			files = (
			);
			runOnlyForDeploymentPostprocessing = 0;
		};
/* End PBXResourcesBuildPhase section */

/* Begin PBXShellScriptBuildPhase section */
		BC02F83026E5CD10FAB2ABB3 /* [CP] Check Pods Manifest.lock */ = {
			isa = PBXShellScriptBuildPhase;
			buildActionMask = 2147483647;
			files = (
			);
			inputFileListPaths = (
			);
			inputPaths = (
				"${PODS_PODFILE_DIR_PATH}/Podfile.lock",
				"${PODS_ROOT}/Manifest.lock",
			);
			name = "[CP] Check Pods Manifest.lock";
			outputFileListPaths = (
			);
			outputPaths = (
				"$(DERIVED_FILE_DIR)/Pods-GoodWine-checkManifestLockResult.txt",
			);
			runOnlyForDeploymentPostprocessing = 0;
			shellPath = /bin/sh;
			shellScript = "diff \"${PODS_PODFILE_DIR_PATH}/Podfile.lock\" \"${PODS_ROOT}/Manifest.lock\" > /dev/null\nif [ $? != 0 ] ; then\n    # print error to STDERR\n    echo \"error: The sandbox is not in sync with the Podfile.lock. Run 'pod install' or update your CocoaPods installation.\" >&2\n    exit 1\nfi\n# This output is used by Xcode 'outputs' to avoid re-running this script phase.\necho \"SUCCESS\" > \"${SCRIPT_OUTPUT_FILE_0}\"\n";
			showEnvVarsInLog = 0;
		};
		DD4245F2841EED8598F0779E /* [CP] Copy Pods Resources */ = {
			isa = PBXShellScriptBuildPhase;
			buildActionMask = 2147483647;
			files = (
			);
			inputFileListPaths = (
			);
			inputPaths = (
				"${SRCROOT}/../Pods/Target Support Files/Pods-GoodWine/Pods-GoodWine-resources.sh",
				"${PODS_ROOT}/IQKeyboardManager/IQKeyboardManager/Resources/IQKeyboardManager.bundle",
				"${PODS_ROOT}/MJRefresh/MJRefresh/MJRefresh.bundle",
			);
			name = "[CP] Copy Pods Resources";
			outputFileListPaths = (
			);
			outputPaths = (
				"${TARGET_BUILD_DIR}/${UNLOCALIZED_RESOURCES_FOLDER_PATH}/IQKeyboardManager.bundle",
				"${TARGET_BUILD_DIR}/${UNLOCALIZED_RESOURCES_FOLDER_PATH}/MJRefresh.bundle",
			);
			runOnlyForDeploymentPostprocessing = 0;
			shellPath = /bin/sh;
			shellScript = "\"${SRCROOT}/../Pods/Target Support Files/Pods-GoodWine/Pods-GoodWine-resources.sh\"\n";
			showEnvVarsInLog = 0;
		};
/* End PBXShellScriptBuildPhase section */

/* Begin PBXSourcesBuildPhase section */
		D63865E2229C1EC20020DE4B /* Sources */ = {
			isa = PBXSourcesBuildPhase;
			buildActionMask = 2147483647;
			files = (
				D6386684229EE7E00020DE4B /* UIView+Addtion.m in Sources */,
				D638667E229EE3510020DE4B /* GMITButton.m in Sources */,
				D63865EE229C1EC20020DE4B /* ViewController.m in Sources */,
				D638669122A5746C0020DE4B /* GMNetworkError.m in Sources */,
				D638666C229D90E50020DE4B /* GMKeyValueInfoCell.m in Sources */,
				D6386673229ED8D10020DE4B /* GMUserCenterTableView.m in Sources */,
				D6386638229C36090020DE4B /* GMTabBarController.m in Sources */,
				D638669722A57F3C0020DE4B /* GMLoginView.m in Sources */,
				D63865F9229C1EC40020DE4B /* main.m in Sources */,
				D638663F229C399E0020DE4B /* GMNavigationController.m in Sources */,
				D6386631229C34CE0020DE4B /* AppDelegate+RootViewcontroller.m in Sources */,
				D63865EB229C1EC20020DE4B /* AppDelegate.m in Sources */,
				D6386659229D767B0020DE4B /* GMUserCenterViewController.m in Sources */,
				D638668B22A572730020DE4B /* GMServerAPIManager.m in Sources */,
				D6386656229D766F0020DE4B /* GMOrderViewController.m in Sources */,
				D6386650229D76520020DE4B /* GMHomePageViewController.m in Sources */,
				D6386646229C3A500020DE4B /* GMLoginViewController.m in Sources */,
				D6386664229D7DB90020DE4B /* GMHomePageTableView.m in Sources */,
				D6386677229ED8F40020DE4B /* GMUserInfoCell.m in Sources */,
				D6386643229C3A210020DE4B /* GMBaseViewController.m in Sources */,
				D638667A229EE1B50020DE4B /* GMMyOrderCell.m in Sources */,
				D6386653229D76600020DE4B /* GMShoppCartViewController.m in Sources */,
				D63866A122A6C76D0020DE4B /* GMWineListTableViewCell.m in Sources */,
				D638669B22A6B0DC0020DE4B /* GMViewControllerManager.m in Sources */,
				D638669E22A6BCF40020DE4B /* GMMenuTableViewCell.m in Sources */,
				D638668822A572460020DE4B /* GMServerClient.m in Sources */,
			);
			runOnlyForDeploymentPostprocessing = 0;
		};
		D63865FA229C1EC40020DE4B /* Sources */ = {
			isa = PBXSourcesBuildPhase;
			buildActionMask = 2147483647;
			files = (
				D6386603229C1EC40020DE4B /* GoodWineTests.m in Sources */,
			);
			runOnlyForDeploymentPostprocessing = 0;
		};
		D6386605229C1EC40020DE4B /* Sources */ = {
			isa = PBXSourcesBuildPhase;
			buildActionMask = 2147483647;
			files = (
				D638660E229C1EC40020DE4B /* GoodWineUITests.m in Sources */,
			);
			runOnlyForDeploymentPostprocessing = 0;
		};
/* End PBXSourcesBuildPhase section */

/* Begin PBXTargetDependency section */
		D6386600229C1EC40020DE4B /* PBXTargetDependency */ = {
			isa = PBXTargetDependency;
			target = D63865E5229C1EC20020DE4B /* GoodWine */;
			targetProxy = D63865FF229C1EC40020DE4B /* PBXContainerItemProxy */;
		};
		D638660B229C1EC40020DE4B /* PBXTargetDependency */ = {
			isa = PBXTargetDependency;
			target = D63865E5229C1EC20020DE4B /* GoodWine */;
			targetProxy = D638660A229C1EC40020DE4B /* PBXContainerItemProxy */;
		};
/* End PBXTargetDependency section */

/* Begin PBXVariantGroup section */
		D63865EF229C1EC20020DE4B /* Main.storyboard */ = {
			isa = PBXVariantGroup;
			children = (
				D63865F0229C1EC20020DE4B /* Base */,
			);
			name = Main.storyboard;
			sourceTree = "<group>";
		};
		D63865F4229C1EC40020DE4B /* LaunchScreen.storyboard */ = {
			isa = PBXVariantGroup;
			children = (
				D63865F5229C1EC40020DE4B /* Base */,
			);
			name = LaunchScreen.storyboard;
			sourceTree = "<group>";
		};
/* End PBXVariantGroup section */

/* Begin XCBuildConfiguration section */
		D6386610229C1EC40020DE4B /* Debug */ = {
			isa = XCBuildConfiguration;
			buildSettings = {
				ALWAYS_SEARCH_USER_PATHS = NO;
				CLANG_ANALYZER_NONNULL = YES;
				CLANG_ANALYZER_NUMBER_OBJECT_CONVERSION = YES_AGGRESSIVE;
				CLANG_CXX_LANGUAGE_STANDARD = "gnu++14";
				CLANG_CXX_LIBRARY = "libc++";
				CLANG_ENABLE_MODULES = YES;
				CLANG_ENABLE_OBJC_ARC = YES;
				CLANG_ENABLE_OBJC_WEAK = YES;
				CLANG_WARN_BLOCK_CAPTURE_AUTORELEASING = YES;
				CLANG_WARN_BOOL_CONVERSION = YES;
				CLANG_WARN_COMMA = YES;
				CLANG_WARN_CONSTANT_CONVERSION = YES;
				CLANG_WARN_DEPRECATED_OBJC_IMPLEMENTATIONS = YES;
				CLANG_WARN_DIRECT_OBJC_ISA_USAGE = YES_ERROR;
				CLANG_WARN_DOCUMENTATION_COMMENTS = YES;
				CLANG_WARN_EMPTY_BODY = YES;
				CLANG_WARN_ENUM_CONVERSION = YES;
				CLANG_WARN_INFINITE_RECURSION = YES;
				CLANG_WARN_INT_CONVERSION = YES;
				CLANG_WARN_NON_LITERAL_NULL_CONVERSION = YES;
				CLANG_WARN_OBJC_IMPLICIT_RETAIN_SELF = YES;
				CLANG_WARN_OBJC_LITERAL_CONVERSION = YES;
				CLANG_WARN_OBJC_ROOT_CLASS = YES_ERROR;
				CLANG_WARN_RANGE_LOOP_ANALYSIS = YES;
				CLANG_WARN_STRICT_PROTOTYPES = YES;
				CLANG_WARN_SUSPICIOUS_MOVE = YES;
				CLANG_WARN_UNGUARDED_AVAILABILITY = YES_AGGRESSIVE;
				CLANG_WARN_UNREACHABLE_CODE = YES;
				CLANG_WARN__DUPLICATE_METHOD_MATCH = YES;
				CODE_SIGN_IDENTITY = "iPhone Developer";
				COPY_PHASE_STRIP = NO;
				DEBUG_INFORMATION_FORMAT = dwarf;
				ENABLE_STRICT_OBJC_MSGSEND = YES;
				ENABLE_TESTABILITY = YES;
				GCC_C_LANGUAGE_STANDARD = gnu11;
				GCC_DYNAMIC_NO_PIC = NO;
				GCC_NO_COMMON_BLOCKS = YES;
				GCC_OPTIMIZATION_LEVEL = 0;
				GCC_PREPROCESSOR_DEFINITIONS = (
					"DEBUG=1",
					"$(inherited)",
				);
				GCC_WARN_64_TO_32_BIT_CONVERSION = YES;
				GCC_WARN_ABOUT_RETURN_TYPE = YES_ERROR;
				GCC_WARN_UNDECLARED_SELECTOR = YES;
				GCC_WARN_UNINITIALIZED_AUTOS = YES_AGGRESSIVE;
				GCC_WARN_UNUSED_FUNCTION = YES;
				GCC_WARN_UNUSED_VARIABLE = YES;
				IPHONEOS_DEPLOYMENT_TARGET = 12.0;
				MTL_ENABLE_DEBUG_INFO = INCLUDE_SOURCE;
				MTL_FAST_MATH = YES;
				ONLY_ACTIVE_ARCH = YES;
				SDKROOT = iphoneos;
			};
			name = Debug;
		};
		D6386611229C1EC40020DE4B /* Release */ = {
			isa = XCBuildConfiguration;
			buildSettings = {
				ALWAYS_SEARCH_USER_PATHS = NO;
				CLANG_ANALYZER_NONNULL = YES;
				CLANG_ANALYZER_NUMBER_OBJECT_CONVERSION = YES_AGGRESSIVE;
				CLANG_CXX_LANGUAGE_STANDARD = "gnu++14";
				CLANG_CXX_LIBRARY = "libc++";
				CLANG_ENABLE_MODULES = YES;
				CLANG_ENABLE_OBJC_ARC = YES;
				CLANG_ENABLE_OBJC_WEAK = YES;
				CLANG_WARN_BLOCK_CAPTURE_AUTORELEASING = YES;
				CLANG_WARN_BOOL_CONVERSION = YES;
				CLANG_WARN_COMMA = YES;
				CLANG_WARN_CONSTANT_CONVERSION = YES;
				CLANG_WARN_DEPRECATED_OBJC_IMPLEMENTATIONS = YES;
				CLANG_WARN_DIRECT_OBJC_ISA_USAGE = YES_ERROR;
				CLANG_WARN_DOCUMENTATION_COMMENTS = YES;
				CLANG_WARN_EMPTY_BODY = YES;
				CLANG_WARN_ENUM_CONVERSION = YES;
				CLANG_WARN_INFINITE_RECURSION = YES;
				CLANG_WARN_INT_CONVERSION = YES;
				CLANG_WARN_NON_LITERAL_NULL_CONVERSION = YES;
				CLANG_WARN_OBJC_IMPLICIT_RETAIN_SELF = YES;
				CLANG_WARN_OBJC_LITERAL_CONVERSION = YES;
				CLANG_WARN_OBJC_ROOT_CLASS = YES_ERROR;
				CLANG_WARN_RANGE_LOOP_ANALYSIS = YES;
				CLANG_WARN_STRICT_PROTOTYPES = YES;
				CLANG_WARN_SUSPICIOUS_MOVE = YES;
				CLANG_WARN_UNGUARDED_AVAILABILITY = YES_AGGRESSIVE;
				CLANG_WARN_UNREACHABLE_CODE = YES;
				CLANG_WARN__DUPLICATE_METHOD_MATCH = YES;
				CODE_SIGN_IDENTITY = "iPhone Developer";
				COPY_PHASE_STRIP = NO;
				DEBUG_INFORMATION_FORMAT = "dwarf-with-dsym";
				ENABLE_NS_ASSERTIONS = NO;
				ENABLE_STRICT_OBJC_MSGSEND = YES;
				GCC_C_LANGUAGE_STANDARD = gnu11;
				GCC_NO_COMMON_BLOCKS = YES;
				GCC_WARN_64_TO_32_BIT_CONVERSION = YES;
				GCC_WARN_ABOUT_RETURN_TYPE = YES_ERROR;
				GCC_WARN_UNDECLARED_SELECTOR = YES;
				GCC_WARN_UNINITIALIZED_AUTOS = YES_AGGRESSIVE;
				GCC_WARN_UNUSED_FUNCTION = YES;
				GCC_WARN_UNUSED_VARIABLE = YES;
				IPHONEOS_DEPLOYMENT_TARGET = 12.0;
				MTL_ENABLE_DEBUG_INFO = NO;
				MTL_FAST_MATH = YES;
				SDKROOT = iphoneos;
				VALIDATE_PRODUCT = YES;
			};
			name = Release;
		};
		D6386613229C1EC40020DE4B /* Debug */ = {
			isa = XCBuildConfiguration;
			baseConfigurationReference = 3654DA2FCCC0710E2022EF96 /* Pods-GoodWine.debug.xcconfig */;
			buildSettings = {
				ASSETCATALOG_COMPILER_APPICON_NAME = AppIcon;
				CODE_SIGN_STYLE = Automatic;
				GCC_PRECOMPILE_PREFIX_HEADER = YES;
				GCC_PREFIX_HEADER = "GoodWine/GoodWine-Prefix.pch";
				INFOPLIST_FILE = GoodWine/Info.plist;
				IPHONEOS_DEPLOYMENT_TARGET = 8.0;
				LD_RUNPATH_SEARCH_PATHS = (
					"$(inherited)",
					"@executable_path/Frameworks",
				);
				PRODUCT_BUNDLE_IDENTIFIER = com.lmk.GoodWine;
				PRODUCT_NAME = "$(TARGET_NAME)";
				TARGETED_DEVICE_FAMILY = "1,2";
			};
			name = Debug;
		};
		D6386614229C1EC40020DE4B /* Release */ = {
			isa = XCBuildConfiguration;
			baseConfigurationReference = 7EA57E12E89DBAE6120E2D79 /* Pods-GoodWine.release.xcconfig */;
			buildSettings = {
				ASSETCATALOG_COMPILER_APPICON_NAME = AppIcon;
				CODE_SIGN_STYLE = Automatic;
				GCC_PRECOMPILE_PREFIX_HEADER = YES;
				GCC_PREFIX_HEADER = "GoodWine/GoodWine-Prefix.pch";
				INFOPLIST_FILE = GoodWine/Info.plist;
				IPHONEOS_DEPLOYMENT_TARGET = 8.0;
				LD_RUNPATH_SEARCH_PATHS = (
					"$(inherited)",
					"@executable_path/Frameworks",
				);
				PRODUCT_BUNDLE_IDENTIFIER = com.lmk.GoodWine;
				PRODUCT_NAME = "$(TARGET_NAME)";
				TARGETED_DEVICE_FAMILY = "1,2";
			};
			name = Release;
		};
		D6386616229C1EC40020DE4B /* Debug */ = {
			isa = XCBuildConfiguration;
			buildSettings = {
				BUNDLE_LOADER = "$(TEST_HOST)";
				CODE_SIGN_STYLE = Automatic;
				INFOPLIST_FILE = GoodWineTests/Info.plist;
				LD_RUNPATH_SEARCH_PATHS = (
					"$(inherited)",
					"@executable_path/Frameworks",
					"@loader_path/Frameworks",
				);
				PRODUCT_BUNDLE_IDENTIFIER = com.lmk.GoodWineTests;
				PRODUCT_NAME = "$(TARGET_NAME)";
				TARGETED_DEVICE_FAMILY = "1,2";
				TEST_HOST = "$(BUILT_PRODUCTS_DIR)/GoodWine.app/GoodWine";
			};
			name = Debug;
		};
		D6386617229C1EC40020DE4B /* Release */ = {
			isa = XCBuildConfiguration;
			buildSettings = {
				BUNDLE_LOADER = "$(TEST_HOST)";
				CODE_SIGN_STYLE = Automatic;
				INFOPLIST_FILE = GoodWineTests/Info.plist;
				LD_RUNPATH_SEARCH_PATHS = (
					"$(inherited)",
					"@executable_path/Frameworks",
					"@loader_path/Frameworks",
				);
				PRODUCT_BUNDLE_IDENTIFIER = com.lmk.GoodWineTests;
				PRODUCT_NAME = "$(TARGET_NAME)";
				TARGETED_DEVICE_FAMILY = "1,2";
				TEST_HOST = "$(BUILT_PRODUCTS_DIR)/GoodWine.app/GoodWine";
			};
			name = Release;
		};
		D6386619229C1EC40020DE4B /* Debug */ = {
			isa = XCBuildConfiguration;
			buildSettings = {
				CODE_SIGN_STYLE = Automatic;
				INFOPLIST_FILE = GoodWineUITests/Info.plist;
				LD_RUNPATH_SEARCH_PATHS = (
					"$(inherited)",
					"@executable_path/Frameworks",
					"@loader_path/Frameworks",
				);
				PRODUCT_BUNDLE_IDENTIFIER = com.lmk.GoodWineUITests;
				PRODUCT_NAME = "$(TARGET_NAME)";
				TARGETED_DEVICE_FAMILY = "1,2";
				TEST_TARGET_NAME = GoodWine;
			};
			name = Debug;
		};
		D638661A229C1EC40020DE4B /* Release */ = {
			isa = XCBuildConfiguration;
			buildSettings = {
				CODE_SIGN_STYLE = Automatic;
				INFOPLIST_FILE = GoodWineUITests/Info.plist;
				LD_RUNPATH_SEARCH_PATHS = (
					"$(inherited)",
					"@executable_path/Frameworks",
					"@loader_path/Frameworks",
				);
				PRODUCT_BUNDLE_IDENTIFIER = com.lmk.GoodWineUITests;
				PRODUCT_NAME = "$(TARGET_NAME)";
				TARGETED_DEVICE_FAMILY = "1,2";
				TEST_TARGET_NAME = GoodWine;
			};
			name = Release;
		};
/* End XCBuildConfiguration section */

/* Begin XCConfigurationList section */
		D63865E1229C1EC20020DE4B /* Build configuration list for PBXProject "GoodWine" */ = {
			isa = XCConfigurationList;
			buildConfigurations = (
				D6386610229C1EC40020DE4B /* Debug */,
				D6386611229C1EC40020DE4B /* Release */,
			);
			defaultConfigurationIsVisible = 0;
			defaultConfigurationName = Release;
		};
		D6386612229C1EC40020DE4B /* Build configuration list for PBXNativeTarget "GoodWine" */ = {
			isa = XCConfigurationList;
			buildConfigurations = (
				D6386613229C1EC40020DE4B /* Debug */,
				D6386614229C1EC40020DE4B /* Release */,
			);
			defaultConfigurationIsVisible = 0;
			defaultConfigurationName = Release;
		};
		D6386615229C1EC40020DE4B /* Build configuration list for PBXNativeTarget "GoodWineTests" */ = {
			isa = XCConfigurationList;
			buildConfigurations = (
				D6386616229C1EC40020DE4B /* Debug */,
				D6386617229C1EC40020DE4B /* Release */,
			);
			defaultConfigurationIsVisible = 0;
			defaultConfigurationName = Release;
		};
		D6386618229C1EC40020DE4B /* Build configuration list for PBXNativeTarget "GoodWineUITests" */ = {
			isa = XCConfigurationList;
			buildConfigurations = (
				D6386619229C1EC40020DE4B /* Debug */,
				D638661A229C1EC40020DE4B /* Release */,
			);
			defaultConfigurationIsVisible = 0;
			defaultConfigurationName = Release;
		};
/* End XCConfigurationList section */
	};
	rootObject = D63865DE229C1EC20020DE4B /* Project object */;
}
