PODS:
  - AFNetworking (3.1.0):
    - AFNetworking/NSURLSession (= 3.1.0)
    - AFNetworking/Reachability (= 3.1.0)
    - AFNetworking/Security (= 3.1.0)
    - AFNetworking/Serialization (= 3.1.0)
    - AFNetworking/UIKit (= 3.1.0)
  - AFNetworking/NSURLSession (3.1.0):
    - AFNetworking/Reachability
    - AFNetworking/Security
    - AFNetworking/Serialization
  - AFNetworking/Reachability (3.1.0)
  - AFNetworking/Security (3.1.0)
  - AFNetworking/Serialization (3.1.0)
  - AFNetworking/UIKit (3.1.0):
    - AFNetworking/NSURLSession
  - AMapFoundation-NO-IDFA (1.5.7)
  - AMapLocation-NO-IDFA (2.6.2):
    - AMapFoundation-NO-IDFA (~> 1.4)
  - IQKeyboardManager (6.1.1)
  - Mantle (2.1.0):
    - Mantle/extobjc (= 2.1.0)
  - Mantle/extobjc (2.1.0)
  - Masonry (1.0.2)
  - MBProgressHUD (0.9.2)
  - MJRefresh (3.1.17)
  - MKCategory (1.0.2)
  - ReactiveCocoa (2.5):
    - ReactiveCocoa/UI (= 2.5)
  - ReactiveCocoa/Core (2.5):
    - ReactiveCocoa/no-arc
  - ReactiveCocoa/no-arc (2.5)
  - ReactiveCocoa/UI (2.5):
    - ReactiveCocoa/Core
  - SDCycleScrollView (1.65):
    - SDWebImage (~> 3.7)
  - SDWebImage (3.8.3):
    - SDWebImage/Core (= 3.8.3)
  - SDWebImage/Core (3.8.3)
  - YYModel (1.0.4)

DEPENDENCIES:
  - AFNetworking (~> 3.1.0)
  - AMapLocation-NO-IDFA
  - IQKeyboardManager (~> 6.1.1)
  - Mantle (~> 2.1.0)
  - Masonry (~> 1.0.1)
  - MBProgressHUD (~> 0.9.2)
  - MJRefresh (~> 3.1.12)
  - MKCategory (~> 1.0.2)
  - ReactiveCocoa (= 2.5)
  - SDCycleScrollView (~> 1.65)
  - SDWebImage (~> 3.8.1)
  - YYModel

SPEC REPOS:
  https://github.com/cocoapods/specs.git:
    - AFNetworking
    - AMapFoundation-NO-IDFA
    - AMapLocation-NO-IDFA
    - IQKeyboardManager
    - Mantle
    - Masonry
    - MBProgressHUD
    - MJRefresh
    - MKCategory
    - ReactiveCocoa
    - SDCycleScrollView
    - SDWebImage
    - YYModel

SPEC CHECKSUMS:
  AFNetworking: 5e0e199f73d8626b11e79750991f5d173d1f8b67
  AMapFoundation-NO-IDFA: 9088085827c831811bb0fd3afd96b99963a7cf71
  AMapLocation-NO-IDFA: d7792c8c516f415e186f1bc25946f1a58ca6a583
  IQKeyboardManager: 79c57795f5c2408d259d37b9da2ed07efcbb5225
  Mantle: 2fa750afa478cd625a94230fbf1c13462f29395b
  Masonry: 7c429b56da9d4ee0bbb3ed77a5ea710d6a5df39e
  MBProgressHUD: 1569cf7ace17a8bac47aabfbb8580a49690386d1
  MJRefresh: ee5b68f639775462faba4db0fd243baf4d42c2cf
  MKCategory: 804eb173947cdf48b4cbd3301bac8b9d769f7de5
  ReactiveCocoa: e2db045570aa97c695e7aa97c2bcab222ae51f4a
  SDCycleScrollView: f72904c77698a7f93a41bcbbc2d78b073bf7326c
  SDWebImage: a72e880a8fe0f7fc31efe15aaed443c074d2a80c
  YYModel: 2a7fdd96aaa4b86a824e26d0c517de8928c04b30

PODFILE CHECKSUM: d09d9860479eba5d3711622b7a1f675de5b7da0e

COCOAPODS: 1.5.3
